
Microsoft Visual Studio Solution File, Format Version 12.00
# Visual Studio Version 16
VisualStudioVersion = 16.0.30907.101
MinimumVisualStudioVersion = 10.0.40219.1
Project("{9A19103F-16F7-4668-BE54-9A1E7A4F7556}") = "KataGildedRose", "MeuAcerto.Selecao.KataGildedRose\KataGildedRose.csproj", "{50414EF0-9805-480F-8494-756B1DEEA068}"
EndProject
Global
	GlobalSection(SolutionConfigurationPlatforms) = preSolution
		Debug|Any CPU = Debug|Any CPU
		Release|Any CPU = Release|Any CPU
	EndGlobalSection
	GlobalSection(ProjectConfigurationPlatforms) = postSolution
		{50414EF0-9805-480F-8494-756B1DEEA068}.Debug|Any CPU.ActiveCfg = Debug|Any CPU
		{50414EF0-9805-480F-8494-756B1DEEA068}.Debug|Any CPU.Build.0 = Debug|Any CPU
		{50414EF0-9805-480F-8494-756B1DEEA068}.Release|Any CPU.ActiveCfg = Release|Any CPU
		{50414EF0-9805-480F-8494-756B1DEEA068}.Release|Any CPU.Build.0 = Release|Any CPU
	EndGlobalSection
	GlobalSection(SolutionProperties) = preSolution
		HideSolutionNode = FALSE
	EndGlobalSection
	GlobalSection(ExtensibilityGlobals) = postSolution
		SolutionGuid = {CE6A25BF-132F-433C-8773-16D8AA587010}
	EndGlobalSection
EndGlobal
